
Microsoft Visual Studio Solution File, Format Version 12.00
# Visual Studio 15
VisualStudioVersion = 15.0.28306.52
MinimumVisualStudioVersion = 10.0.40219.1
Project("{FAE04EC0-301F-11D3-BF4B-00C04F79EFBC}") = "CompareWebDesign", "CompareWebDesign\CompareWebDesign.csproj", "{2A03ED5C-4816-475A-B56D-D729F180445A}"
EndProject
Global
	GlobalSection(SolutionConfigurationPlatforms) = preSolution
		Debug|Any CPU = Debug|Any CPU
		Release|Any CPU = Release|Any CPU
	EndGlobalSection
	GlobalSection(ProjectConfigurationPlatforms) = postSolution
		{2A03ED5C-4816-475A-B56D-D729F180445A}.Debug|Any CPU.ActiveCfg = Debug|Any CPU
		{2A03ED5C-4816-475A-B56D-D729F180445A}.Debug|Any CPU.Build.0 = Debug|Any CPU
		{2A03ED5C-4816-475A-B56D-D729F180445A}.Release|Any CPU.ActiveCfg = Release|Any CPU
		{2A03ED5C-4816-475A-B56D-D729F180445A}.Release|Any CPU.Build.0 = Release|Any CPU
	EndGlobalSection
	GlobalSection(SolutionProperties) = preSolution
		HideSolutionNode = FALSE
	EndGlobalSection
	GlobalSection(ExtensibilityGlobals) = postSolution
		SolutionGuid = {CB5C1DF0-227B-4674-AC06-55F4E716CBD9}
	EndGlobalSection
EndGlobal
